// !$*UTF8*$!
{
	archiveVersion = 1;
	classes = {
	};
	objectVersion = 46;
	objects = {

/* Begin PBXBuildFile section */
		982637161F6B4711003E45E1 /* reload icon.png in Resources */ = {isa = PBXBuildFile; fileRef = 982637141F6B4711003E45E1 /* reload icon.png */; };
		982637171F6B4711003E45E1 /* info_icon.png in Resources */ = {isa = PBXBuildFile; fileRef = 982637151F6B4711003E45E1 /* info_icon.png */; };
		98B6C7C91F6AA05100143360 /* AppDelegate.swift in Sources */ = {isa = PBXBuildFile; fileRef = 98B6C7C81F6AA05100143360 /* AppDelegate.swift */; };
		98B6C7CB1F6AA05100143360 /* ViewController.swift in Sources */ = {isa = PBXBuildFile; fileRef = 98B6C7CA1F6AA05100143360 /* ViewController.swift */; };
		98B6C7CE1F6AA05100143360 /* Main.storyboard in Resources */ = {isa = PBXBuildFile; fileRef = 98B6C7CC1F6AA05100143360 /* Main.storyboard */; };
		98B6C7D01F6AA05100143360 /* Assets.xcassets in Resources */ = {isa = PBXBuildFile; fileRef = 98B6C7CF1F6AA05100143360 /* Assets.xcassets */; };
		98B6C7D31F6AA05100143360 /* LaunchScreen.storyboard in Resources */ = {isa = PBXBuildFile; fileRef = 98B6C7D11F6AA05100143360 /* LaunchScreen.storyboard */; };
		98F741F91F6BD596006C386F /* logo.jpg in Resources */ = {isa = PBXBuildFile; fileRef = 98F741F81F6BD596006C386F /* logo.jpg */; };
		98F741FD1F6BD861006C386F /* Radomir Tinkov - Gilroy-ExtraBold.otf in Resources */ = {isa = PBXBuildFile; fileRef = 98F741FB1F6BD861006C386F /* Radomir Tinkov - Gilroy-ExtraBold.otf */; };
		98F741FE1F6BD861006C386F /* Radomir Tinkov - Gilroy-Light.otf in Resources */ = {isa = PBXBuildFile; fileRef = 98F741FC1F6BD861006C386F /* Radomir Tinkov - Gilroy-Light.otf */; };
/* End PBXBuildFile section */

/* Begin PBXFileReference section */
		982637141F6B4711003E45E1 /* reload icon.png */ = {isa = PBXFileReference; lastKnownFileType = image.png; name = "reload icon.png"; path = "Tinkoff converter/reload icon.png"; sourceTree = "<group>"; };
		982637151F6B4711003E45E1 /* info_icon.png */ = {isa = PBXFileReference; lastKnownFileType = image.png; name = info_icon.png; path = "Tinkoff converter/info_icon.png"; sourceTree = "<group>"; };
		98B6C7C51F6AA05100143360 /* Tinkoff converter.app */ = {isa = PBXFileReference; explicitFileType = wrapper.application; includeInIndex = 0; path = "Tinkoff converter.app"; sourceTree = BUILT_PRODUCTS_DIR; };
		98B6C7C81F6AA05100143360 /* AppDelegate.swift */ = {isa = PBXFileReference; lastKnownFileType = sourcecode.swift; path = AppDelegate.swift; sourceTree = "<group>"; };
		98B6C7CA1F6AA05100143360 /* ViewController.swift */ = {isa = PBXFileReference; lastKnownFileType = sourcecode.swift; path = ViewController.swift; sourceTree = "<group>"; };
		98B6C7CD1F6AA05100143360 /* Base */ = {isa = PBXFileReference; lastKnownFileType = file.storyboard; name = Base; path = Base.lproj/Main.storyboard; sourceTree = "<group>"; };
		98B6C7CF1F6AA05100143360 /* Assets.xcassets */ = {isa = PBXFileReference; lastKnownFileType = folder.assetcatalog; path = Assets.xcassets; sourceTree = "<group>"; };
		98B6C7D21F6AA05100143360 /* Base */ = {isa = PBXFileReference; lastKnownFileType = file.storyboard; name = Base; path = Base.lproj/LaunchScreen.storyboard; sourceTree = "<group>"; };
		98B6C7D41F6AA05100143360 /* Info.plist */ = {isa = PBXFileReference; lastKnownFileType = text.plist.xml; path = Info.plist; sourceTree = "<group>"; };
		98F741F81F6BD596006C386F /* logo.jpg */ = {isa = PBXFileReference; lastKnownFileType = image.jpeg; name = logo.jpg; path = "Tinkoff converter/logo.jpg"; sourceTree = "<group>"; };
		98F741FB1F6BD861006C386F /* Radomir Tinkov - Gilroy-ExtraBold.otf */ = {isa = PBXFileReference; lastKnownFileType = file; path = "Radomir Tinkov - Gilroy-ExtraBold.otf"; sourceTree = "<group>"; };
		98F741FC1F6BD861006C386F /* Radomir Tinkov - Gilroy-Light.otf */ = {isa = PBXFileReference; lastKnownFileType = file; path = "Radomir Tinkov - Gilroy-Light.otf"; sourceTree = "<group>"; };
/* End PBXFileReference section */

/* Begin PBXFrameworksBuildPhase section */
		98B6C7C21F6AA05100143360 /* Frameworks */ = {
			isa = PBXFrameworksBuildPhase;
			buildActionMask = 2147483647;
			files = (
			);
			runOnlyForDeploymentPostprocessing = 0;
		};
/* End PBXFrameworksBuildPhase section */

/* Begin PBXGroup section */
		98B6C7BC1F6AA05100143360 = {
			isa = PBXGroup;
			children = (
				98F741FA1F6BD848006C386F /* Resourses */,
				98B6C7C71F6AA05100143360 /* Tinkoff converter */,
				98B6C7C61F6AA05100143360 /* Products */,
			);
			sourceTree = "<group>";
		};
		98B6C7C61F6AA05100143360 /* Products */ = {
			isa = PBXGroup;
			children = (
				98B6C7C51F6AA05100143360 /* Tinkoff converter.app */,
			);
			name = Products;
			sourceTree = "<group>";
		};
		98B6C7C71F6AA05100143360 /* Tinkoff converter */ = {
			isa = PBXGroup;
			children = (
				98B6C7C81F6AA05100143360 /* AppDelegate.swift */,
				98B6C7CA1F6AA05100143360 /* ViewController.swift */,
				98B6C7CC1F6AA05100143360 /* Main.storyboard */,
				98B6C7CF1F6AA05100143360 /* Assets.xcassets */,
				98B6C7D11F6AA05100143360 /* LaunchScreen.storyboard */,
				98B6C7D41F6AA05100143360 /* Info.plist */,
			);
			path = "Tinkoff converter";
			sourceTree = "<group>";
		};
		98F741FA1F6BD848006C386F /* Resourses */ = {
			isa = PBXGroup;
			children = (
				982637141F6B4711003E45E1 /* reload icon.png */,
				98F741FB1F6BD861006C386F /* Radomir Tinkov - Gilroy-ExtraBold.otf */,
				982637151F6B4711003E45E1 /* info_icon.png */,
				98F741FC1F6BD861006C386F /* Radomir Tinkov - Gilroy-Light.otf */,
				98F741F81F6BD596006C386F /* logo.jpg */,
			);
			name = Resourses;
			sourceTree = "<group>";
		};
/* End PBXGroup section */

/* Begin PBXNativeTarget section */
		98B6C7C41F6AA05100143360 /* Tinkoff converter */ = {
			isa = PBXNativeTarget;
			buildConfigurationList = 98B6C7D71F6AA05100143360 /* Build configuration list for PBXNativeTarget "Tinkoff converter" */;
			buildPhases = (
				98B6C7C11F6AA05100143360 /* Sources */,
				98B6C7C21F6AA05100143360 /* Frameworks */,
				98B6C7C31F6AA05100143360 /* Resources */,
			);
			buildRules = (
			);
			dependencies = (
			);
			name = "Tinkoff converter";
			productName = "Tinkoff converter";
			productReference = 98B6C7C51F6AA05100143360 /* Tinkoff converter.app */;
			productType = "com.apple.product-type.application";
		};
/* End PBXNativeTarget section */

/* Begin PBXProject section */
		98B6C7BD1F6AA05100143360 /* Project object */ = {
			isa = PBXProject;
			attributes = {
				LastSwiftUpdateCheck = 0830;
				LastUpgradeCheck = 0830;
				ORGANIZATIONNAME = Korob;
				TargetAttributes = {
					98B6C7C41F6AA05100143360 = {
						CreatedOnToolsVersion = 8.3.3;
						DevelopmentTeam = F8LU4P8SUH;
						ProvisioningStyle = Automatic;
					};
				};
			};
			buildConfigurationList = 98B6C7C01F6AA05100143360 /* Build configuration list for PBXProject "Tinkoff converter" */;
			compatibilityVersion = "Xcode 3.2";
			developmentRegion = English;
			hasScannedForEncodings = 0;
			knownRegions = (
				en,
				Base,
			);
			mainGroup = 98B6C7BC1F6AA05100143360;
			productRefGroup = 98B6C7C61F6AA05100143360 /* Products */;
			projectDirPath = "";
			projectRoot = "";
			targets = (
				98B6C7C41F6AA05100143360 /* Tinkoff converter */,
			);
		};
/* End PBXProject section */

/* Begin PBXResourcesBuildPhase section */
		98B6C7C31F6AA05100143360 /* Resources */ = {
			isa = PBXResourcesBuildPhase;
			buildActionMask = 2147483647;
			files = (
				98B6C7D31F6AA05100143360 /* LaunchScreen.storyboard in Resources */,
				98B6C7D01F6AA05100143360 /* Assets.xcassets in Resources */,
				982637161F6B4711003E45E1 /* reload icon.png in Resources */,
				98F741FE1F6BD861006C386F /* Radomir Tinkov - Gilroy-Light.otf in Resources */,
				98B6C7CE1F6AA05100143360 /* Main.storyboard in Resources */,
				98F741F91F6BD596006C386F /* logo.jpg in Resources */,
				982637171F6B4711003E45E1 /* info_icon.png in Resources */,
				98F741FD1F6BD861006C386F /* Radomir Tinkov - Gilroy-ExtraBold.otf in Resources */,
			);
			runOnlyForDeploymentPostprocessing = 0;
		};
/* End PBXResourcesBuildPhase section */

/* Begin PBXSourcesBuildPhase section */
		98B6C7C11F6AA05100143360 /* Sources */ = {
			isa = PBXSourcesBuildPhase;
			buildActionMask = 2147483647;
			files = (
				98B6C7CB1F6AA05100143360 /* ViewController.swift in Sources */,
				98B6C7C91F6AA05100143360 /* AppDelegate.swift in Sources */,
			);
			runOnlyForDeploymentPostprocessing = 0;
		};
/* End PBXSourcesBuildPhase section */

/* Begin PBXVariantGroup section */
		98B6C7CC1F6AA05100143360 /* Main.storyboard */ = {
			isa = PBXVariantGroup;
			children = (
				98B6C7CD1F6AA05100143360 /* Base */,
			);
			name = Main.storyboard;
			sourceTree = "<group>";
		};
		98B6C7D11F6AA05100143360 /* LaunchScreen.storyboard */ = {
			isa = PBXVariantGroup;
			children = (
				98B6C7D21F6AA05100143360 /* Base */,
			);
			name = LaunchScreen.storyboard;
			sourceTree = "<group>";
		};
/* End PBXVariantGroup section */

/* Begin XCBuildConfiguration section */
		98B6C7D51F6AA05100143360 /* Debug */ = {
			isa = XCBuildConfiguration;
			buildSettings = {
				ALWAYS_SEARCH_USER_PATHS = NO;
				CLANG_ANALYZER_NONNULL = YES;
				CLANG_ANALYZER_NUMBER_OBJECT_CONVERSION = YES_AGGRESSIVE;
				CLANG_CXX_LANGUAGE_STANDARD = "gnu++0x";
				CLANG_CXX_LIBRARY = "libc++";
				CLANG_ENABLE_MODULES = YES;
				CLANG_ENABLE_OBJC_ARC = YES;
				CLANG_WARN_BOOL_CONVERSION = YES;
				CLANG_WARN_CONSTANT_CONVERSION = YES;
				CLANG_WARN_DIRECT_OBJC_ISA_USAGE = YES_ERROR;
				CLANG_WARN_DOCUMENTATION_COMMENTS = YES;
				CLANG_WARN_EMPTY_BODY = YES;
				CLANG_WARN_ENUM_CONVERSION = YES;
				CLANG_WARN_INFINITE_RECURSION = YES;
				CLANG_WARN_INT_CONVERSION = YES;
				CLANG_WARN_OBJC_ROOT_CLASS = YES_ERROR;
				CLANG_WARN_SUSPICIOUS_MOVE = YES;
				CLANG_WARN_UNREACHABLE_CODE = YES;
				CLANG_WARN__DUPLICATE_METHOD_MATCH = YES;
				"CODE_SIGN_IDENTITY[sdk=iphoneos*]" = "iPhone Developer";
				COPY_PHASE_STRIP = NO;
				DEBUG_INFORMATION_FORMAT = dwarf;
				ENABLE_STRICT_OBJC_MSGSEND = YES;
				ENABLE_TESTABILITY = YES;
				GCC_C_LANGUAGE_STANDARD = gnu99;
				GCC_DYNAMIC_NO_PIC = NO;
				GCC_NO_COMMON_BLOCKS = YES;
				GCC_OPTIMIZATION_LEVEL = 0;
				GCC_PREPROCESSOR_DEFINITIONS = (
					"DEBUG=1",
					"$(inherited)",
				);
				GCC_WARN_64_TO_32_BIT_CONVERSION = YES;
				GCC_WARN_ABOUT_RETURN_TYPE = YES_ERROR;
				GCC_WARN_UNDECLARED_SELECTOR = YES;
				GCC_WARN_UNINITIALIZED_AUTOS = YES_AGGRESSIVE;
				GCC_WARN_UNUSED_FUNCTION = YES;
				GCC_WARN_UNUSED_VARIABLE = YES;
				IPHONEOS_DEPLOYMENT_TARGET = 10.3;
				MTL_ENABLE_DEBUG_INFO = YES;
				ONLY_ACTIVE_ARCH = YES;
				SDKROOT = iphoneos;
				SWIFT_ACTIVE_COMPILATION_CONDITIONS = DEBUG;
				SWIFT_OPTIMIZATION_LEVEL = "-Onone";
			};
			name = Debug;
		};
		98B6C7D61F6AA05100143360 /* Release */ = {
			isa = XCBuildConfiguration;
			buildSettings = {
				ALWAYS_SEARCH_USER_PATHS = NO;
				CLANG_ANALYZER_NONNULL = YES;
				CLANG_ANALYZER_NUMBER_OBJECT_CONVERSION = YES_AGGRESSIVE;
				CLANG_CXX_LANGUAGE_STANDARD = "gnu++0x";
				CLANG_CXX_LIBRARY = "libc++";
				CLANG_ENABLE_MODULES = YES;
				CLANG_ENABLE_OBJC_ARC = YES;
				CLANG_WARN_BOOL_CONVERSION = YES;
				CLANG_WARN_CONSTANT_CONVERSION = YES;
				CLANG_WARN_DIRECT_OBJC_ISA_USAGE = YES_ERROR;
				CLANG_WARN_DOCUMENTATION_COMMENTS = YES;
				CLANG_WARN_EMPTY_BODY = YES;
				CLANG_WARN_ENUM_CONVERSION = YES;
				CLANG_WARN_INFINITE_RECURSION = YES;
				CLANG_WARN_INT_CONVERSION = YES;
				CLANG_WARN_OBJC_ROOT_CLASS = YES_ERROR;
				CLANG_WARN_SUSPICIOUS_MOVE = YES;
				CLANG_WARN_UNREACHABLE_CODE = YES;
				CLANG_WARN__DUPLICATE_METHOD_MATCH = YES;
				"CODE_SIGN_IDENTITY[sdk=iphoneos*]" = "iPhone Developer";
				COPY_PHASE_STRIP = NO;
				DEBUG_INFORMATION_FORMAT = "dwarf-with-dsym";
				ENABLE_NS_ASSERTIONS = NO;
				ENABLE_STRICT_OBJC_MSGSEND = YES;
				GCC_C_LANGUAGE_STANDARD = gnu99;
				GCC_NO_COMMON_BLOCKS = YES;
				GCC_WARN_64_TO_32_BIT_CONVERSION = YES;
				GCC_WARN_ABOUT_RETURN_TYPE = YES_ERROR;
				GCC_WARN_UNDECLARED_SELECTOR = YES;
				GCC_WARN_UNINITIALIZED_AUTOS = YES_AGGRESSIVE;
				GCC_WARN_UNUSED_FUNCTION = YES;
				GCC_WARN_UNUSED_VARIABLE = YES;
				IPHONEOS_DEPLOYMENT_TARGET = 10.3;
				MTL_ENABLE_DEBUG_INFO = NO;
				SDKROOT = iphoneos;
				SWIFT_OPTIMIZATION_LEVEL = "-Owholemodule";
				VALIDATE_PRODUCT = YES;
			};
			name = Release;
		};
		98B6C7D81F6AA05100143360 /* Debug */ = {
			isa = XCBuildConfiguration;
			buildSettings = {
				ASSETCATALOG_COMPILER_APPICON_NAME = "AppIcon-main";
				DEVELOPMENT_TEAM = F8LU4P8SUH;
				INFOPLIST_FILE = "Tinkoff converter/Info.plist";
				LD_RUNPATH_SEARCH_PATHS = "$(inherited) @executable_path/Frameworks";
				PRODUCT_BUNDLE_IDENTIFIER = "OwnDev.Tinkoff-converter";
				PRODUCT_NAME = "$(TARGET_NAME)";
				SWIFT_VERSION = 3.0;
			};
			name = Debug;
		};
		98B6C7D91F6AA05100143360 /* Release */ = {
			isa = XCBuildConfiguration;
			buildSettings = {
				ASSETCATALOG_COMPILER_APPICON_NAME = "AppIcon-main";
				DEVELOPMENT_TEAM = F8LU4P8SUH;
				INFOPLIST_FILE = "Tinkoff converter/Info.plist";
				LD_RUNPATH_SEARCH_PATHS = "$(inherited) @executable_path/Frameworks";
				PRODUCT_BUNDLE_IDENTIFIER = "OwnDev.Tinkoff-converter";
				PRODUCT_NAME = "$(TARGET_NAME)";
				SWIFT_VERSION = 3.0;
			};
			name = Release;
		};
/* End XCBuildConfiguration section */

/* Begin XCConfigurationList section */
		98B6C7C01F6AA05100143360 /* Build configuration list for PBXProject "Tinkoff converter" */ = {
			isa = XCConfigurationList;
			buildConfigurations = (
				98B6C7D51F6AA05100143360 /* Debug */,
				98B6C7D61F6AA05100143360 /* Release */,
			);
			defaultConfigurationIsVisible = 0;
			defaultConfigurationName = Release;
		};
		98B6C7D71F6AA05100143360 /* Build configuration list for PBXNativeTarget "Tinkoff converter" */ = {
			isa = XCConfigurationList;
			buildConfigurations = (
				98B6C7D81F6AA05100143360 /* Debug */,
				98B6C7D91F6AA05100143360 /* Release */,
			);
			defaultConfigurationIsVisible = 0;
			defaultConfigurationName = Release;
		};
/* End XCConfigurationList section */
	};
	rootObject = 98B6C7BD1F6AA05100143360 /* Project object */;
}
